<?xml version="1.0" encoding="UTF-8" standalone="yes" ?>
<CodeBlocks_project_file>
	<FileVersion major="1" minor="6" />
	<Project>
		<Option title="New_Tron" />
		<Option pch_mode="2" />
		<Option compiler="gcc" />
		<Build>
			<Target title="Debug">
				<Option output="bin/Debug/New_Tron" prefix_auto="1" extension_auto="1" />
				<Option object_output="obj/Debug/" />
				<Option type="1" />
				<Option compiler="gcc" />
				<Compiler>
					<Add option="-g" />
				</Compiler>
			</Target>
			<Target title="Release">
				<Option output="bin/Release/New_Tron" prefix_auto="1" extension_auto="1" />
				<Option object_output="obj/Release/" />
				<Option type="1" />
				<Option compiler="gcc" />
				<Compiler>
					<Add option="-O2" />
				</Compiler>
				<Linker>
					<Add option="-s" />
				</Linker>
			</Target>
		</Build>
		<Compiler>
			<Add option="-Wall" />
			<Add option="-fexceptions" />
		</Compiler>
		<Unit filename="Client.hpp" />
		<Unit filename="Game.hpp" />
		<Unit filename="GeoGeometry/2D/Classes/Circle.hpp" />
		<Unit filename="GeoGeometry/2D/Classes/Line2D.hpp" />
		<Unit filename="GeoGeometry/2D/Classes/Line2DPV.hpp" />
		<Unit filename="GeoGeometry/2D/Classes/Point2D.hpp" />
		<Unit filename="GeoGeometry/2D/Classes/Segment2D.hpp" />
		<Unit filename="GeoGeometry/2D/Classes/Vector2D.hpp" />
		<Unit filename="GeoGeometry/2D/Functions/A_in_B2D.hpp" />
		<Unit filename="GeoGeometry/2D/Functions/A_to_B2D.hpp" />
		<Unit filename="GeoGeometry/2D/Functions/Distanses2D.hpp" />
		<Unit filename="GeoGeometry/2D/Functions/Functions2D.hpp" />
		<Unit filename="GeoGeometry/2D/Functions/Functions_Line2D.hpp" />
		<Unit filename="GeoGeometry/2D/Functions/Functions_Point2D.hpp" />
		<Unit filename="GeoGeometry/2D/Geometry2D.hpp" />
		<Unit filename="GeoGeometry/3D/Classes/Line3D.hpp" />
		<Unit filename="GeoGeometry/3D/Classes/Plane3D.hpp" />
		<Unit filename="GeoGeometry/3D/Classes/Point3D.hpp" />
		<Unit filename="GeoGeometry/3D/Classes/Segment3D.hpp" />
		<Unit filename="GeoGeometry/3D/Classes/Sphere.hpp" />
		<Unit filename="GeoGeometry/3D/Classes/Vector3D.hpp" />
		<Unit filename="GeoGeometry/3D/Functions/A_in_B3D.hpp" />
		<Unit filename="GeoGeometry/3D/Functions/A_to_B3D.hpp" />
		<Unit filename="GeoGeometry/3D/Functions/Distanses3D.hpp" />
		<Unit filename="GeoGeometry/3D/Functions/Functions3D.hpp" />
		<Unit filename="GeoGeometry/3D/Functions/Functions_Line3D.hpp" />
		<Unit filename="GeoGeometry/3D/Functions/Functions_Vector2D.hpp" />
		<Unit filename="GeoGeometry/3D/Functions/Functions_Vector3D.hpp" />
		<Unit filename="GeoGeometry/3D/Geometry3D.hpp" />
		<Unit filename="GeoGeometry/GeoGeometry.hpp" />
		<Unit filename="GeoGeometry/Math_templates.hpp" />
		<Unit filename="InitConstants.hpp" />
		<Unit filename="LightCycle.hpp" />
		<Unit filename="Server.hpp" />
		<Unit filename="Wall.hpp" />
		<Unit filename="config.cfg" />
		<Unit filename="main.cpp" />
		<Extensions>
			<code_completion />
			<envvars />
			<debugger />
			<lib_finder disable_auto="1" />
		</Extensions>
	</Project>
</CodeBlocks_project_file>
