<?xml version="1.0" encoding="utf-8"?>
<Project ToolsVersion="4.0" xmlns="http://schemas.microsoft.com/developer/msbuild/2003">
  <ItemGroup>
    <Filter Include="Source Files">
      <UniqueIdentifier>{4FC737F1-C7A5-4376-A066-2A32D752A2FF}</UniqueIdentifier>
      <Extensions>cpp;c;cc;cxx;def;odl;idl;hpj;bat;asm;asmx</Extensions>
    </Filter>
    <Filter Include="Header Files">
      <UniqueIdentifier>{93995380-89BD-4b04-88EB-625FBE52EBFB}</UniqueIdentifier>
      <Extensions>h;hh;hpp;hxx;hm;inl;inc;xsd</Extensions>
    </Filter>
    <Filter Include="Resource Files">
      <UniqueIdentifier>{67DA6AB6-F800-4c08-8B7A-83BB121AAD01}</UniqueIdentifier>
      <Extensions>rc;ico;cur;bmp;dlg;rc2;rct;bin;rgs;gif;jpg;jpeg;jpe;resx;tiff;tif;png;wav;mfcribbon-ms</Extensions>
    </Filter>
    <Filter Include="Header Files\Geom">
      <UniqueIdentifier>{eb658489-8ffd-4c66-9775-f83c60cc44e6}</UniqueIdentifier>
    </Filter>
    <Filter Include="Header Files\Network">
      <UniqueIdentifier>{782b522c-6594-4228-a054-43cf57cd7349}</UniqueIdentifier>
    </Filter>
    <Filter Include="Header Files\Shared">
      <UniqueIdentifier>{1e26d100-6001-4fde-b920-db17db64e5a8}</UniqueIdentifier>
    </Filter>
    <Filter Include="Header Files\Engine">
      <UniqueIdentifier>{e75868f5-c6f4-4c1c-919d-7657c928aab2}</UniqueIdentifier>
    </Filter>
    <Filter Include="Source Files\Render">
      <UniqueIdentifier>{7356b268-8f9e-4e8c-b4f4-578d383a2ed5}</UniqueIdentifier>
    </Filter>
    <Filter Include="Source Files\Network">
      <UniqueIdentifier>{9f73c4f6-7a84-4260-a159-c2d61cbdef73}</UniqueIdentifier>
    </Filter>
    <Filter Include="Source Files\Shared">
      <UniqueIdentifier>{29d45b2f-c337-43aa-8f30-cb58fc55a6ee}</UniqueIdentifier>
    </Filter>
    <Filter Include="Header Files\GraphOBJ">
      <UniqueIdentifier>{81ac2fca-9bf5-4938-85f3-db77ca4a4b19}</UniqueIdentifier>
    </Filter>
    <Filter Include="Source Files\GraphOBJ">
      <UniqueIdentifier>{9ab18c76-d672-4514-a65b-2a69f0688acf}</UniqueIdentifier>
    </Filter>
  </ItemGroup>
  <ItemGroup>
    <Text Include="ReadMe.txt" />
  </ItemGroup>
  <ItemGroup>
    <ClInclude Include="stdafx.h">
      <Filter>Header Files</Filter>
    </ClInclude>
    <ClInclude Include="headers\Main.h">
      <Filter>Header Files</Filter>
    </ClInclude>
    <ClInclude Include="GeoGeometry\GeoGeometry.hpp">
      <Filter>Header Files\Geom</Filter>
    </ClInclude>
    <ClInclude Include="GeoGeometry\Math_templates.hpp">
      <Filter>Header Files\Geom</Filter>
    </ClInclude>
    <ClInclude Include="headers\Client.h">
      <Filter>Header Files\Network</Filter>
    </ClInclude>
    <ClInclude Include="headers\Server.h">
      <Filter>Header Files\Network</Filter>
    </ClInclude>
    <ClInclude Include="headers\gengine.h">
      <Filter>Header Files\Engine</Filter>
    </ClInclude>
    <ClInclude Include="mesh.h">
      <Filter>Header Files\Engine</Filter>
    </ClInclude>
    <ClInclude Include="gui.h">
      <Filter>Header Files\Engine</Filter>
    </ClInclude>
    <ClInclude Include="graph2D.h">
      <Filter>Header Files\Engine</Filter>
    </ClInclude>
    <ClInclude Include="headers\Game.h">
      <Filter>Header Files\Shared</Filter>
    </ClInclude>
    <ClInclude Include="headers\Game_Engine.h">
      <Filter>Header Files\Shared</Filter>
    </ClInclude>
    <ClInclude Include="headers\InitConstants.h">
      <Filter>Header Files\Shared</Filter>
    </ClInclude>
    <ClInclude Include="headers\LightCycle.h">
      <Filter>Header Files\Shared</Filter>
    </ClInclude>
    <ClInclude Include="headers\Player.h">
      <Filter>Header Files\Shared</Filter>
    </ClInclude>
    <ClInclude Include="headers\Wall.h">
      <Filter>Header Files\Shared</Filter>
    </ClInclude>
    <ClInclude Include="headers\Bomb.h">
      <Filter>Header Files\Shared</Filter>
    </ClInclude>
    <ClInclude Include="headers\Rocket.h">
      <Filter>Header Files\Shared</Filter>
    </ClInclude>
    <ClInclude Include="ObjLoader\listobj.h">
      <Filter>Header Files\GraphOBJ</Filter>
    </ClInclude>
    <ClInclude Include="ObjLoader\obj_parser.h">
      <Filter>Header Files\GraphOBJ</Filter>
    </ClInclude>
    <ClInclude Include="ObjLoader\objLoader.h">
      <Filter>Header Files\GraphOBJ</Filter>
    </ClInclude>
  </ItemGroup>
  <ItemGroup>
    <ClCompile Include="stdafx.cpp">
      <Filter>Source Files</Filter>
    </ClCompile>
    <ClCompile Include="sources\main.cpp">
      <Filter>Source Files</Filter>
    </ClCompile>
    <ClCompile Include="sources\gengine.cpp">
      <Filter>Source Files\Render</Filter>
    </ClCompile>
    <ClCompile Include="sources\Client.cpp">
      <Filter>Source Files\Network</Filter>
    </ClCompile>
    <ClCompile Include="sources\Server.cpp">
      <Filter>Source Files\Network</Filter>
    </ClCompile>
    <ClCompile Include="mesh.cpp">
      <Filter>Source Files\Render</Filter>
    </ClCompile>
    <ClCompile Include="gui.cpp">
      <Filter>Source Files\Render</Filter>
    </ClCompile>
    <ClCompile Include="graph2D.cpp">
      <Filter>Source Files\Render</Filter>
    </ClCompile>
    <ClCompile Include="sources\Game.cpp">
      <Filter>Source Files\Shared</Filter>
    </ClCompile>
    <ClCompile Include="sources\Game_Engine.cpp">
      <Filter>Source Files\Shared</Filter>
    </ClCompile>
    <ClCompile Include="sources\Our_Math.cpp">
      <Filter>Source Files\Shared</Filter>
    </ClCompile>
    <ClCompile Include="sources\Player.cpp">
      <Filter>Source Files\Shared</Filter>
    </ClCompile>
    <ClCompile Include="sources\Rocket.cpp">
      <Filter>Source Files\Shared</Filter>
    </ClCompile>
    <ClCompile Include="sources\Bomb.cpp">
      <Filter>Source Files\Shared</Filter>
    </ClCompile>
    <ClCompile Include="sources\LightCycle.cpp">
      <Filter>Source Files\Shared</Filter>
    </ClCompile>
    <ClCompile Include="sources\Wall.cpp">
      <Filter>Source Files\Shared</Filter>
    </ClCompile>
    <ClCompile Include="sources\InitConstants.cpp">
      <Filter>Source Files\Shared</Filter>
    </ClCompile>
    <ClCompile Include="ObjLoader\obj_parser.cpp">
      <Filter>Source Files\GraphOBJ</Filter>
    </ClCompile>
    <ClCompile Include="ObjLoader\objLoader.cpp">
      <Filter>Source Files\GraphOBJ</Filter>
    </ClCompile>
    <ClCompile Include="ObjLoader\listobj.cpp">
      <Filter>Source Files\GraphOBJ</Filter>
    </ClCompile>
  </ItemGroup>
</Project>